{
    "_meta": {
        "hash": {
            "sha256": "4ca40d7fb69970adeddf1254176af83f0794c16886771ed12a26a563a821d48b"
        },
        "pipfile-spec": 6,
        "requires": {
            "python_version": "3.7"
        },
        "sources": [
            {
                "name": "pypi",
                "url": "https://pypi.org/simple",
                "verify_ssl": true
            }
        ]
    },
    "default": {
        "huey": {
            "hashes": [
                "sha256:950b8101d33831e049649d5ce53edaf585b169233085f452e944006f47663225"
            ],
            "index": "pypi",
            "version": "==2.1.1"
        }
    },
    "develop": {}
}
